
Microsoft Visual Studio Solution File, Format Version 12.00
# Visual Studio Version 16
VisualStudioVersion = 16.0.32228.343
MinimumVisualStudioVersion = 10.0.40219.1
Project("{FAE04EC0-301F-11D3-BF4B-00C04F79EFBC}") = "RevitAPITrainingUI_", "RevitAPITrainingUI_\RevitAPITrainingUI_.csproj", "{9FEC4DB7-4BB8-472D-80CB-E1CB9A9B7203}"
EndProject
Project("{FAE04EC0-301F-11D3-BF4B-00C04F79EFBC}") = "RevitAPITrainingLibrary", "..\RevitAPITrainingLibrary\RevitAPITrainingLibrary\RevitAPITrainingLibrary.csproj", "{E1A56304-3D7C-4767-8D34-E64E2D328F8E}"
EndProject
Global
	GlobalSection(SolutionConfigurationPlatforms) = preSolution
		Debug|Any CPU = Debug|Any CPU
		Release|Any CPU = Release|Any CPU
	EndGlobalSection
	GlobalSection(ProjectConfigurationPlatforms) = postSolution
		{9FEC4DB7-4BB8-472D-80CB-E1CB9A9B7203}.Debug|Any CPU.ActiveCfg = Debug|Any CPU
		{9FEC4DB7-4BB8-472D-80CB-E1CB9A9B7203}.Debug|Any CPU.Build.0 = Debug|Any CPU
		{9FEC4DB7-4BB8-472D-80CB-E1CB9A9B7203}.Release|Any CPU.ActiveCfg = Release|Any CPU
		{9FEC4DB7-4BB8-472D-80CB-E1CB9A9B7203}.Release|Any CPU.Build.0 = Release|Any CPU
		{E1A56304-3D7C-4767-8D34-E64E2D328F8E}.Debug|Any CPU.ActiveCfg = Debug|Any CPU
		{E1A56304-3D7C-4767-8D34-E64E2D328F8E}.Debug|Any CPU.Build.0 = Debug|Any CPU
		{E1A56304-3D7C-4767-8D34-E64E2D328F8E}.Release|Any CPU.ActiveCfg = Release|Any CPU
		{E1A56304-3D7C-4767-8D34-E64E2D328F8E}.Release|Any CPU.Build.0 = Release|Any CPU
	EndGlobalSection
	GlobalSection(SolutionProperties) = preSolution
		HideSolutionNode = FALSE
	EndGlobalSection
	GlobalSection(ExtensibilityGlobals) = postSolution
		SolutionGuid = {004F118B-491E-4424-97AE-1E03D87CFF3E}
	EndGlobalSection
EndGlobal
